// !$*UTF8*$!
{
	archiveVersion = 1;
	classes = {
	};
	objectVersion = 46;
	objects = {

/* Begin PBXBuildFile section */
		1A0722791B87F4BB0047E82C /* MapViewController.swift in Sources */ = {isa = PBXBuildFile; fileRef = 1A0722781B87F4BB0047E82C /* MapViewController.swift */; };
		1A07227B1B87F5AB0047E82C /* MapKit.framework in Frameworks */ = {isa = PBXBuildFile; fileRef = 1A07227A1B87F5AB0047E82C /* MapKit.framework */; };
		1A07227E1B89BCF30047E82C /* Utils.swift in Sources */ = {isa = PBXBuildFile; fileRef = 1A07227D1B89BCF30047E82C /* Utils.swift */; };
		1A0722801B8AF1FB0047E82C /* LocationManager.swift in Sources */ = {isa = PBXBuildFile; fileRef = 1A07227F1B8AF1FB0047E82C /* LocationManager.swift */; };
		9557A92A1B8C217A00144E79 /* SearchTableViewCell.swift in Sources */ = {isa = PBXBuildFile; fileRef = 9557A9281B8C217A00144E79 /* SearchTableViewCell.swift */; };
		9557A92B1B8C217A00144E79 /* SearchTableViewCell.xib in Resources */ = {isa = PBXBuildFile; fileRef = 9557A9291B8C217A00144E79 /* SearchTableViewCell.xib */; };
		955914F71B8315670007D860 /* AppDelegate.swift in Sources */ = {isa = PBXBuildFile; fileRef = 955914F61B8315670007D860 /* AppDelegate.swift */; };
		955914FA1B8315670007D860 /* Utinerary.xcdatamodeld in Sources */ = {isa = PBXBuildFile; fileRef = 955914F81B8315670007D860 /* Utinerary.xcdatamodeld */; };
		955914FC1B8315670007D860 /* ViewController.swift in Sources */ = {isa = PBXBuildFile; fileRef = 955914FB1B8315670007D860 /* ViewController.swift */; };
		955914FF1B8315670007D860 /* Main.storyboard in Resources */ = {isa = PBXBuildFile; fileRef = 955914FD1B8315670007D860 /* Main.storyboard */; };
		955915011B8315670007D860 /* Images.xcassets in Resources */ = {isa = PBXBuildFile; fileRef = 955915001B8315670007D860 /* Images.xcassets */; };
		955915041B8315670007D860 /* LaunchScreen.xib in Resources */ = {isa = PBXBuildFile; fileRef = 955915021B8315670007D860 /* LaunchScreen.xib */; };
		955915101B8315670007D860 /* UtineraryTests.swift in Sources */ = {isa = PBXBuildFile; fileRef = 9559150F1B8315670007D860 /* UtineraryTests.swift */; };
		955915221B8316D90007D860 /* BaseViewController.swift in Sources */ = {isa = PBXBuildFile; fileRef = 955915211B8316D90007D860 /* BaseViewController.swift */; };
		955915241B83174B0007D860 /* ItineraryListViewController.swift in Sources */ = {isa = PBXBuildFile; fileRef = 955915231B83174B0007D860 /* ItineraryListViewController.swift */; };
		955915261B831AF30007D860 /* ItineraryTableViewCell.swift in Sources */ = {isa = PBXBuildFile; fileRef = 955915251B831AF30007D860 /* ItineraryTableViewCell.swift */; };
		955915281B831FD90007D860 /* ItineraryViewController.swift in Sources */ = {isa = PBXBuildFile; fileRef = 955915271B831FD90007D860 /* ItineraryViewController.swift */; };
		956167951B8C44B3002F3B87 /* HTTPRequest.swift in Sources */ = {isa = PBXBuildFile; fileRef = 956167941B8C44B3002F3B87 /* HTTPRequest.swift */; };
		956167971B8C44D6002F3B87 /* UtineraryModelData.swift in Sources */ = {isa = PBXBuildFile; fileRef = 956167961B8C44D6002F3B87 /* UtineraryModelData.swift */; };
		956167991B8C4A6E002F3B87 /* SearchModelData.swift in Sources */ = {isa = PBXBuildFile; fileRef = 956167981B8C4A6E002F3B87 /* SearchModelData.swift */; };
		9561679B1B8C4BD0002F3B87 /* SearchItem.swift in Sources */ = {isa = PBXBuildFile; fileRef = 9561679A1B8C4BD0002F3B87 /* SearchItem.swift */; };
		95666C791B8D505E000C604A /* UserLocation.swift in Sources */ = {isa = PBXBuildFile; fileRef = 95666C781B8D505E000C604A /* UserLocation.swift */; };
/* End PBXBuildFile section */

/* Begin PBXContainerItemProxy section */
		9559150A1B8315670007D860 /* PBXContainerItemProxy */ = {
			isa = PBXContainerItemProxy;
			containerPortal = 955914E91B8315670007D860 /* Project object */;
			proxyType = 1;
			remoteGlobalIDString = 955914F01B8315670007D860;
			remoteInfo = Utinerary;
		};
/* End PBXContainerItemProxy section */

/* Begin PBXFileReference section */
		1A0722781B87F4BB0047E82C /* MapViewController.swift */ = {isa = PBXFileReference; fileEncoding = 4; lastKnownFileType = sourcecode.swift; path = MapViewController.swift; sourceTree = "<group>"; };
		1A07227A1B87F5AB0047E82C /* MapKit.framework */ = {isa = PBXFileReference; lastKnownFileType = wrapper.framework; name = MapKit.framework; path = System/Library/Frameworks/MapKit.framework; sourceTree = SDKROOT; };
		1A07227D1B89BCF30047E82C /* Utils.swift */ = {isa = PBXFileReference; fileEncoding = 4; lastKnownFileType = sourcecode.swift; path = Utils.swift; sourceTree = "<group>"; };
		1A07227F1B8AF1FB0047E82C /* LocationManager.swift */ = {isa = PBXFileReference; fileEncoding = 4; lastKnownFileType = sourcecode.swift; path = LocationManager.swift; sourceTree = "<group>"; };
		9557A9281B8C217A00144E79 /* SearchTableViewCell.swift */ = {isa = PBXFileReference; fileEncoding = 4; lastKnownFileType = sourcecode.swift; path = SearchTableViewCell.swift; sourceTree = "<group>"; };
		9557A9291B8C217A00144E79 /* SearchTableViewCell.xib */ = {isa = PBXFileReference; fileEncoding = 4; lastKnownFileType = file.xib; path = SearchTableViewCell.xib; sourceTree = "<group>"; };
		955914F11B8315670007D860 /* Utinerary.app */ = {isa = PBXFileReference; explicitFileType = wrapper.application; includeInIndex = 0; path = Utinerary.app; sourceTree = BUILT_PRODUCTS_DIR; };
		955914F51B8315670007D860 /* Info.plist */ = {isa = PBXFileReference; lastKnownFileType = text.plist.xml; path = Info.plist; sourceTree = "<group>"; };
		955914F61B8315670007D860 /* AppDelegate.swift */ = {isa = PBXFileReference; lastKnownFileType = sourcecode.swift; path = AppDelegate.swift; sourceTree = "<group>"; };
		955914F91B8315670007D860 /* Utinerary.xcdatamodel */ = {isa = PBXFileReference; lastKnownFileType = wrapper.xcdatamodel; path = Utinerary.xcdatamodel; sourceTree = "<group>"; };
		955914FB1B8315670007D860 /* ViewController.swift */ = {isa = PBXFileReference; lastKnownFileType = sourcecode.swift; path = ViewController.swift; sourceTree = "<group>"; };
		955914FE1B8315670007D860 /* Base */ = {isa = PBXFileReference; lastKnownFileType = file.storyboard; name = Base; path = Base.lproj/Main.storyboard; sourceTree = "<group>"; };
		955915001B8315670007D860 /* Images.xcassets */ = {isa = PBXFileReference; lastKnownFileType = folder.assetcatalog; path = Images.xcassets; sourceTree = "<group>"; };
		955915031B8315670007D860 /* Base */ = {isa = PBXFileReference; lastKnownFileType = file.xib; name = Base; path = Base.lproj/LaunchScreen.xib; sourceTree = "<group>"; };
		955915091B8315670007D860 /* UtineraryTests.xctest */ = {isa = PBXFileReference; explicitFileType = wrapper.cfbundle; includeInIndex = 0; path = UtineraryTests.xctest; sourceTree = BUILT_PRODUCTS_DIR; };
		9559150E1B8315670007D860 /* Info.plist */ = {isa = PBXFileReference; lastKnownFileType = text.plist.xml; path = Info.plist; sourceTree = "<group>"; };
		9559150F1B8315670007D860 /* UtineraryTests.swift */ = {isa = PBXFileReference; lastKnownFileType = sourcecode.swift; path = UtineraryTests.swift; sourceTree = "<group>"; };
		955915211B8316D90007D860 /* BaseViewController.swift */ = {isa = PBXFileReference; fileEncoding = 4; lastKnownFileType = sourcecode.swift; path = BaseViewController.swift; sourceTree = "<group>"; };
		955915231B83174B0007D860 /* ItineraryListViewController.swift */ = {isa = PBXFileReference; fileEncoding = 4; lastKnownFileType = sourcecode.swift; path = ItineraryListViewController.swift; sourceTree = "<group>"; };
		955915251B831AF30007D860 /* ItineraryTableViewCell.swift */ = {isa = PBXFileReference; fileEncoding = 4; lastKnownFileType = sourcecode.swift; path = ItineraryTableViewCell.swift; sourceTree = "<group>"; };
		955915271B831FD90007D860 /* ItineraryViewController.swift */ = {isa = PBXFileReference; fileEncoding = 4; lastKnownFileType = sourcecode.swift; path = ItineraryViewController.swift; sourceTree = "<group>"; };
		956167941B8C44B3002F3B87 /* HTTPRequest.swift */ = {isa = PBXFileReference; fileEncoding = 4; lastKnownFileType = sourcecode.swift; path = HTTPRequest.swift; sourceTree = "<group>"; };
		956167961B8C44D6002F3B87 /* UtineraryModelData.swift */ = {isa = PBXFileReference; fileEncoding = 4; lastKnownFileType = sourcecode.swift; path = UtineraryModelData.swift; sourceTree = "<group>"; };
		956167981B8C4A6E002F3B87 /* SearchModelData.swift */ = {isa = PBXFileReference; fileEncoding = 4; lastKnownFileType = sourcecode.swift; path = SearchModelData.swift; sourceTree = "<group>"; };
		9561679A1B8C4BD0002F3B87 /* SearchItem.swift */ = {isa = PBXFileReference; fileEncoding = 4; lastKnownFileType = sourcecode.swift; path = SearchItem.swift; sourceTree = "<group>"; };
		95666C781B8D505E000C604A /* UserLocation.swift */ = {isa = PBXFileReference; fileEncoding = 4; lastKnownFileType = sourcecode.swift; path = UserLocation.swift; sourceTree = "<group>"; };
/* End PBXFileReference section */

/* Begin PBXFrameworksBuildPhase section */
		955914EE1B8315670007D860 /* Frameworks */ = {
			isa = PBXFrameworksBuildPhase;
			buildActionMask = 2147483647;
			files = (
				1A07227B1B87F5AB0047E82C /* MapKit.framework in Frameworks */,
			);
			runOnlyForDeploymentPostprocessing = 0;
		};
		955915061B8315670007D860 /* Frameworks */ = {
			isa = PBXFrameworksBuildPhase;
			buildActionMask = 2147483647;
			files = (
			);
			runOnlyForDeploymentPostprocessing = 0;
		};
/* End PBXFrameworksBuildPhase section */

/* Begin PBXGroup section */
		1A0722771B87F4870047E82C /* MapView */ = {
			isa = PBXGroup;
			children = (
				9557A9281B8C217A00144E79 /* SearchTableViewCell.swift */,
				9557A9291B8C217A00144E79 /* SearchTableViewCell.xib */,
				1A0722781B87F4BB0047E82C /* MapViewController.swift */,
			);
			path = MapView;
			sourceTree = "<group>";
		};
		1A07227C1B89BCD80047E82C /* Utils */ = {
			isa = PBXGroup;
			children = (
				1A07227D1B89BCF30047E82C /* Utils.swift */,
				1A07227F1B8AF1FB0047E82C /* LocationManager.swift */,
			);
			path = Utils;
			sourceTree = "<group>";
		};
		955914E81B8315670007D860 = {
			isa = PBXGroup;
			children = (
				1A07227A1B87F5AB0047E82C /* MapKit.framework */,
				955914F31B8315670007D860 /* Utinerary */,
				9559150C1B8315670007D860 /* UtineraryTests */,
				955914F21B8315670007D860 /* Products */,
			);
			sourceTree = "<group>";
		};
		955914F21B8315670007D860 /* Products */ = {
			isa = PBXGroup;
			children = (
				955914F11B8315670007D860 /* Utinerary.app */,
				955915091B8315670007D860 /* UtineraryTests.xctest */,
			);
			name = Products;
			sourceTree = "<group>";
		};
		955914F31B8315670007D860 /* Utinerary */ = {
			isa = PBXGroup;
			children = (
				956167931B8C44B3002F3B87 /* Service */,
				1A07227C1B89BCD80047E82C /* Utils */,
				9559151D1B8316860007D860 /* ViewController */,
				955914F61B8315670007D860 /* AppDelegate.swift */,
				955914FB1B8315670007D860 /* ViewController.swift */,
				955914FD1B8315670007D860 /* Main.storyboard */,
				955915001B8315670007D860 /* Images.xcassets */,
				955915021B8315670007D860 /* LaunchScreen.xib */,
				955914F81B8315670007D860 /* Utinerary.xcdatamodeld */,
				955914F41B8315670007D860 /* Supporting Files */,
			);
			path = Utinerary;
			sourceTree = "<group>";
		};
		955914F41B8315670007D860 /* Supporting Files */ = {
			isa = PBXGroup;
			children = (
				955914F51B8315670007D860 /* Info.plist */,
			);
			name = "Supporting Files";
			sourceTree = "<group>";
		};
		9559150C1B8315670007D860 /* UtineraryTests */ = {
			isa = PBXGroup;
			children = (
				9559150F1B8315670007D860 /* UtineraryTests.swift */,
				9559150D1B8315670007D860 /* Supporting Files */,
			);
			path = UtineraryTests;
			sourceTree = "<group>";
		};
		9559150D1B8315670007D860 /* Supporting Files */ = {
			isa = PBXGroup;
			children = (
				9559150E1B8315670007D860 /* Info.plist */,
			);
			name = "Supporting Files";
			sourceTree = "<group>";
		};
		9559151D1B8316860007D860 /* ViewController */ = {
			isa = PBXGroup;
			children = (
				1A0722771B87F4870047E82C /* MapView */,
				955915201B8316C50007D860 /* BaseView */,
				9559151F1B8316B00007D860 /* Itinerary */,
				9559151E1B8316960007D860 /* ItineraryList */,
			);
			path = ViewController;
			sourceTree = "<group>";
		};
		9559151E1B8316960007D860 /* ItineraryList */ = {
			isa = PBXGroup;
			children = (
				955915231B83174B0007D860 /* ItineraryListViewController.swift */,
				955915251B831AF30007D860 /* ItineraryTableViewCell.swift */,
			);
			path = ItineraryList;
			sourceTree = "<group>";
		};
		9559151F1B8316B00007D860 /* Itinerary */ = {
			isa = PBXGroup;
			children = (
				955915271B831FD90007D860 /* ItineraryViewController.swift */,
			);
			path = Itinerary;
			sourceTree = "<group>";
		};
		955915201B8316C50007D860 /* BaseView */ = {
			isa = PBXGroup;
			children = (
				955915211B8316D90007D860 /* BaseViewController.swift */,
			);
			path = BaseView;
			sourceTree = "<group>";
		};
		956167931B8C44B3002F3B87 /* Service */ = {
			isa = PBXGroup;
			children = (
				956167941B8C44B3002F3B87 /* HTTPRequest.swift */,
				956167961B8C44D6002F3B87 /* UtineraryModelData.swift */,
				956167981B8C4A6E002F3B87 /* SearchModelData.swift */,
				9561679A1B8C4BD0002F3B87 /* SearchItem.swift */,
				95666C781B8D505E000C604A /* UserLocation.swift */,
			);
			path = Service;
			sourceTree = "<group>";
		};
/* End PBXGroup section */

/* Begin PBXNativeTarget section */
		955914F01B8315670007D860 /* Utinerary */ = {
			isa = PBXNativeTarget;
			buildConfigurationList = 955915131B8315670007D860 /* Build configuration list for PBXNativeTarget "Utinerary" */;
			buildPhases = (
				955914ED1B8315670007D860 /* Sources */,
				955914EE1B8315670007D860 /* Frameworks */,
				955914EF1B8315670007D860 /* Resources */,
			);
			buildRules = (
			);
			dependencies = (
			);
			name = Utinerary;
			productName = Utinerary;
			productReference = 955914F11B8315670007D860 /* Utinerary.app */;
			productType = "com.apple.product-type.application";
		};
		955915081B8315670007D860 /* UtineraryTests */ = {
			isa = PBXNativeTarget;
			buildConfigurationList = 955915161B8315670007D860 /* Build configuration list for PBXNativeTarget "UtineraryTests" */;
			buildPhases = (
				955915051B8315670007D860 /* Sources */,
				955915061B8315670007D860 /* Frameworks */,
				955915071B8315670007D860 /* Resources */,
			);
			buildRules = (
			);
			dependencies = (
				9559150B1B8315670007D860 /* PBXTargetDependency */,
			);
			name = UtineraryTests;
			productName = UtineraryTests;
			productReference = 955915091B8315670007D860 /* UtineraryTests.xctest */;
			productType = "com.apple.product-type.bundle.unit-test";
		};
/* End PBXNativeTarget section */

/* Begin PBXProject section */
		955914E91B8315670007D860 /* Project object */ = {
			isa = PBXProject;
			attributes = {
				LastUpgradeCheck = 0640;
				ORGANIZATIONNAME = RHMH;
				TargetAttributes = {
					955914F01B8315670007D860 = {
						CreatedOnToolsVersion = 6.4;
					};
					955915081B8315670007D860 = {
						CreatedOnToolsVersion = 6.4;
						TestTargetID = 955914F01B8315670007D860;
					};
				};
			};
			buildConfigurationList = 955914EC1B8315670007D860 /* Build configuration list for PBXProject "Utinerary" */;
			compatibilityVersion = "Xcode 3.2";
			developmentRegion = English;
			hasScannedForEncodings = 0;
			knownRegions = (
				en,
				Base,
			);
			mainGroup = 955914E81B8315670007D860;
			productRefGroup = 955914F21B8315670007D860 /* Products */;
			projectDirPath = "";
			projectRoot = "";
			targets = (
				955914F01B8315670007D860 /* Utinerary */,
				955915081B8315670007D860 /* UtineraryTests */,
			);
		};
/* End PBXProject section */

/* Begin PBXResourcesBuildPhase section */
		955914EF1B8315670007D860 /* Resources */ = {
			isa = PBXResourcesBuildPhase;
			buildActionMask = 2147483647;
			files = (
				955914FF1B8315670007D860 /* Main.storyboard in Resources */,
				955915041B8315670007D860 /* LaunchScreen.xib in Resources */,
				955915011B8315670007D860 /* Images.xcassets in Resources */,
				9557A92B1B8C217A00144E79 /* SearchTableViewCell.xib in Resources */,
			);
			runOnlyForDeploymentPostprocessing = 0;
		};
		955915071B8315670007D860 /* Resources */ = {
			isa = PBXResourcesBuildPhase;
			buildActionMask = 2147483647;
			files = (
			);
			runOnlyForDeploymentPostprocessing = 0;
		};
/* End PBXResourcesBuildPhase section */

/* Begin PBXSourcesBuildPhase section */
		955914ED1B8315670007D860 /* Sources */ = {
			isa = PBXSourcesBuildPhase;
			buildActionMask = 2147483647;
			files = (
				955914FC1B8315670007D860 /* ViewController.swift in Sources */,
				955915241B83174B0007D860 /* ItineraryListViewController.swift in Sources */,
				1A0722801B8AF1FB0047E82C /* LocationManager.swift in Sources */,
				1A07227E1B89BCF30047E82C /* Utils.swift in Sources */,
				955915221B8316D90007D860 /* BaseViewController.swift in Sources */,
				95666C791B8D505E000C604A /* UserLocation.swift in Sources */,
				955915261B831AF30007D860 /* ItineraryTableViewCell.swift in Sources */,
				955914F71B8315670007D860 /* AppDelegate.swift in Sources */,
				956167991B8C4A6E002F3B87 /* SearchModelData.swift in Sources */,
				955915281B831FD90007D860 /* ItineraryViewController.swift in Sources */,
				9561679B1B8C4BD0002F3B87 /* SearchItem.swift in Sources */,
				956167971B8C44D6002F3B87 /* UtineraryModelData.swift in Sources */,
				9557A92A1B8C217A00144E79 /* SearchTableViewCell.swift in Sources */,
				956167951B8C44B3002F3B87 /* HTTPRequest.swift in Sources */,
				955914FA1B8315670007D860 /* Utinerary.xcdatamodeld in Sources */,
				1A0722791B87F4BB0047E82C /* MapViewController.swift in Sources */,
			);
			runOnlyForDeploymentPostprocessing = 0;
		};
		955915051B8315670007D860 /* Sources */ = {
			isa = PBXSourcesBuildPhase;
			buildActionMask = 2147483647;
			files = (
				955915101B8315670007D860 /* UtineraryTests.swift in Sources */,
			);
			runOnlyForDeploymentPostprocessing = 0;
		};
/* End PBXSourcesBuildPhase section */

/* Begin PBXTargetDependency section */
		9559150B1B8315670007D860 /* PBXTargetDependency */ = {
			isa = PBXTargetDependency;
			target = 955914F01B8315670007D860 /* Utinerary */;
			targetProxy = 9559150A1B8315670007D860 /* PBXContainerItemProxy */;
		};
/* End PBXTargetDependency section */

/* Begin PBXVariantGroup section */
		955914FD1B8315670007D860 /* Main.storyboard */ = {
			isa = PBXVariantGroup;
			children = (
				955914FE1B8315670007D860 /* Base */,
			);
			name = Main.storyboard;
			sourceTree = "<group>";
		};
		955915021B8315670007D860 /* LaunchScreen.xib */ = {
			isa = PBXVariantGroup;
			children = (
				955915031B8315670007D860 /* Base */,
			);
			name = LaunchScreen.xib;
			sourceTree = "<group>";
		};
/* End PBXVariantGroup section */

/* Begin XCBuildConfiguration section */
		955915111B8315670007D860 /* Debug */ = {
			isa = XCBuildConfiguration;
			buildSettings = {
				ALWAYS_SEARCH_USER_PATHS = NO;
				CLANG_CXX_LANGUAGE_STANDARD = "gnu++0x";
				CLANG_CXX_LIBRARY = "libc++";
				CLANG_ENABLE_MODULES = YES;
				CLANG_ENABLE_OBJC_ARC = YES;
				CLANG_WARN_BOOL_CONVERSION = YES;
				CLANG_WARN_CONSTANT_CONVERSION = YES;
				CLANG_WARN_DIRECT_OBJC_ISA_USAGE = YES_ERROR;
				CLANG_WARN_EMPTY_BODY = YES;
				CLANG_WARN_ENUM_CONVERSION = YES;
				CLANG_WARN_INT_CONVERSION = YES;
				CLANG_WARN_OBJC_ROOT_CLASS = YES_ERROR;
				CLANG_WARN_UNREACHABLE_CODE = YES;
				CLANG_WARN__DUPLICATE_METHOD_MATCH = YES;
				"CODE_SIGN_IDENTITY[sdk=iphoneos*]" = "iPhone Developer";
				COPY_PHASE_STRIP = NO;
				DEBUG_INFORMATION_FORMAT = "dwarf-with-dsym";
				ENABLE_STRICT_OBJC_MSGSEND = YES;
				GCC_C_LANGUAGE_STANDARD = gnu99;
				GCC_DYNAMIC_NO_PIC = NO;
				GCC_NO_COMMON_BLOCKS = YES;
				GCC_OPTIMIZATION_LEVEL = 0;
				GCC_PREPROCESSOR_DEFINITIONS = (
					"DEBUG=1",
					"$(inherited)",
				);
				GCC_SYMBOLS_PRIVATE_EXTERN = NO;
				GCC_WARN_64_TO_32_BIT_CONVERSION = YES;
				GCC_WARN_ABOUT_RETURN_TYPE = YES_ERROR;
				GCC_WARN_UNDECLARED_SELECTOR = YES;
				GCC_WARN_UNINITIALIZED_AUTOS = YES_AGGRESSIVE;
				GCC_WARN_UNUSED_FUNCTION = YES;
				GCC_WARN_UNUSED_VARIABLE = YES;
				IPHONEOS_DEPLOYMENT_TARGET = 7.0;
				MTL_ENABLE_DEBUG_INFO = YES;
				ONLY_ACTIVE_ARCH = YES;
				SDKROOT = iphoneos;
				SWIFT_OPTIMIZATION_LEVEL = "-Onone";
			};
			name = Debug;
		};
		955915121B8315670007D860 /* Release */ = {
			isa = XCBuildConfiguration;
			buildSettings = {
				ALWAYS_SEARCH_USER_PATHS = NO;
				CLANG_CXX_LANGUAGE_STANDARD = "gnu++0x";
				CLANG_CXX_LIBRARY = "libc++";
				CLANG_ENABLE_MODULES = YES;
				CLANG_ENABLE_OBJC_ARC = YES;
				CLANG_WARN_BOOL_CONVERSION = YES;
				CLANG_WARN_CONSTANT_CONVERSION = YES;
				CLANG_WARN_DIRECT_OBJC_ISA_USAGE = YES_ERROR;
				CLANG_WARN_EMPTY_BODY = YES;
				CLANG_WARN_ENUM_CONVERSION = YES;
				CLANG_WARN_INT_CONVERSION = YES;
				CLANG_WARN_OBJC_ROOT_CLASS = YES_ERROR;
				CLANG_WARN_UNREACHABLE_CODE = YES;
				CLANG_WARN__DUPLICATE_METHOD_MATCH = YES;
				"CODE_SIGN_IDENTITY[sdk=iphoneos*]" = "iPhone Developer";
				COPY_PHASE_STRIP = NO;
				DEBUG_INFORMATION_FORMAT = "dwarf-with-dsym";
				ENABLE_NS_ASSERTIONS = NO;
				ENABLE_STRICT_OBJC_MSGSEND = YES;
				GCC_C_LANGUAGE_STANDARD = gnu99;
				GCC_NO_COMMON_BLOCKS = YES;
				GCC_WARN_64_TO_32_BIT_CONVERSION = YES;
				GCC_WARN_ABOUT_RETURN_TYPE = YES_ERROR;
				GCC_WARN_UNDECLARED_SELECTOR = YES;
				GCC_WARN_UNINITIALIZED_AUTOS = YES_AGGRESSIVE;
				GCC_WARN_UNUSED_FUNCTION = YES;
				GCC_WARN_UNUSED_VARIABLE = YES;
				IPHONEOS_DEPLOYMENT_TARGET = 7.0;
				MTL_ENABLE_DEBUG_INFO = NO;
				SDKROOT = iphoneos;
				VALIDATE_PRODUCT = YES;
			};
			name = Release;
		};
		955915141B8315670007D860 /* Debug */ = {
			isa = XCBuildConfiguration;
			buildSettings = {
				ASSETCATALOG_COMPILER_APPICON_NAME = AppIcon;
				INFOPLIST_FILE = Utinerary/Info.plist;
				IPHONEOS_DEPLOYMENT_TARGET = 7.0;
				LD_RUNPATH_SEARCH_PATHS = "$(inherited) @executable_path/Frameworks";
				PRODUCT_NAME = "$(TARGET_NAME)";
			};
			name = Debug;
		};
		955915151B8315670007D860 /* Release */ = {
			isa = XCBuildConfiguration;
			buildSettings = {
				ASSETCATALOG_COMPILER_APPICON_NAME = AppIcon;
				INFOPLIST_FILE = Utinerary/Info.plist;
				IPHONEOS_DEPLOYMENT_TARGET = 7.0;
				LD_RUNPATH_SEARCH_PATHS = "$(inherited) @executable_path/Frameworks";
				PRODUCT_NAME = "$(TARGET_NAME)";
			};
			name = Release;
		};
		955915171B8315670007D860 /* Debug */ = {
			isa = XCBuildConfiguration;
			buildSettings = {
				BUNDLE_LOADER = "$(TEST_HOST)";
				FRAMEWORK_SEARCH_PATHS = (
					"$(SDKROOT)/Developer/Library/Frameworks",
					"$(inherited)",
				);
				GCC_PREPROCESSOR_DEFINITIONS = (
					"DEBUG=1",
					"$(inherited)",
				);
				INFOPLIST_FILE = UtineraryTests/Info.plist;
				LD_RUNPATH_SEARCH_PATHS = "$(inherited) @executable_path/Frameworks @loader_path/Frameworks";
				PRODUCT_NAME = "$(TARGET_NAME)";
				TEST_HOST = "$(BUILT_PRODUCTS_DIR)/Utinerary.app/Utinerary";
			};
			name = Debug;
		};
		955915181B8315670007D860 /* Release */ = {
			isa = XCBuildConfiguration;
			buildSettings = {
				BUNDLE_LOADER = "$(TEST_HOST)";
				FRAMEWORK_SEARCH_PATHS = (
					"$(SDKROOT)/Developer/Library/Frameworks",
					"$(inherited)",
				);
				INFOPLIST_FILE = UtineraryTests/Info.plist;
				LD_RUNPATH_SEARCH_PATHS = "$(inherited) @executable_path/Frameworks @loader_path/Frameworks";
				PRODUCT_NAME = "$(TARGET_NAME)";
				TEST_HOST = "$(BUILT_PRODUCTS_DIR)/Utinerary.app/Utinerary";
			};
			name = Release;
		};
		955915191B83157E0007D860 /* Adhoc */ = {
			isa = XCBuildConfiguration;
			buildSettings = {
				ALWAYS_SEARCH_USER_PATHS = NO;
				CLANG_CXX_LANGUAGE_STANDARD = "gnu++0x";
				CLANG_CXX_LIBRARY = "libc++";
				CLANG_ENABLE_MODULES = YES;
				CLANG_ENABLE_OBJC_ARC = YES;
				CLANG_WARN_BOOL_CONVERSION = YES;
				CLANG_WARN_CONSTANT_CONVERSION = YES;
				CLANG_WARN_DIRECT_OBJC_ISA_USAGE = YES_ERROR;
				CLANG_WARN_EMPTY_BODY = YES;
				CLANG_WARN_ENUM_CONVERSION = YES;
				CLANG_WARN_INT_CONVERSION = YES;
				CLANG_WARN_OBJC_ROOT_CLASS = YES_ERROR;
				CLANG_WARN_UNREACHABLE_CODE = YES;
				CLANG_WARN__DUPLICATE_METHOD_MATCH = YES;
				"CODE_SIGN_IDENTITY[sdk=iphoneos*]" = "iPhone Developer";
				COPY_PHASE_STRIP = NO;
				DEBUG_INFORMATION_FORMAT = "dwarf-with-dsym";
				ENABLE_NS_ASSERTIONS = NO;
				ENABLE_STRICT_OBJC_MSGSEND = YES;
				GCC_C_LANGUAGE_STANDARD = gnu99;
				GCC_NO_COMMON_BLOCKS = YES;
				GCC_WARN_64_TO_32_BIT_CONVERSION = YES;
				GCC_WARN_ABOUT_RETURN_TYPE = YES_ERROR;
				GCC_WARN_UNDECLARED_SELECTOR = YES;
				GCC_WARN_UNINITIALIZED_AUTOS = YES_AGGRESSIVE;
				GCC_WARN_UNUSED_FUNCTION = YES;
				GCC_WARN_UNUSED_VARIABLE = YES;
				IPHONEOS_DEPLOYMENT_TARGET = 7.0;
				MTL_ENABLE_DEBUG_INFO = NO;
				SDKROOT = iphoneos;
				VALIDATE_PRODUCT = YES;
			};
			name = Adhoc;
		};
		9559151A1B83157E0007D860 /* Adhoc */ = {
			isa = XCBuildConfiguration;
			buildSettings = {
				ASSETCATALOG_COMPILER_APPICON_NAME = AppIcon;
				INFOPLIST_FILE = Utinerary/Info.plist;
				IPHONEOS_DEPLOYMENT_TARGET = 7.0;
				LD_RUNPATH_SEARCH_PATHS = "$(inherited) @executable_path/Frameworks";
				PRODUCT_NAME = "$(TARGET_NAME)";
			};
			name = Adhoc;
		};
		9559151B1B83157E0007D860 /* Adhoc */ = {
			isa = XCBuildConfiguration;
			buildSettings = {
				BUNDLE_LOADER = "$(TEST_HOST)";
				FRAMEWORK_SEARCH_PATHS = (
					"$(SDKROOT)/Developer/Library/Frameworks",
					"$(inherited)",
				);
				INFOPLIST_FILE = UtineraryTests/Info.plist;
				LD_RUNPATH_SEARCH_PATHS = "$(inherited) @executable_path/Frameworks @loader_path/Frameworks";
				PRODUCT_NAME = "$(TARGET_NAME)";
				TEST_HOST = "$(BUILT_PRODUCTS_DIR)/Utinerary.app/Utinerary";
			};
			name = Adhoc;
		};
/* End XCBuildConfiguration section */

/* Begin XCConfigurationList section */
		955914EC1B8315670007D860 /* Build configuration list for PBXProject "Utinerary" */ = {
			isa = XCConfigurationList;
			buildConfigurations = (
				955915111B8315670007D860 /* Debug */,
				955915121B8315670007D860 /* Release */,
				955915191B83157E0007D860 /* Adhoc */,
			);
			defaultConfigurationIsVisible = 0;
			defaultConfigurationName = Release;
		};
		955915131B8315670007D860 /* Build configuration list for PBXNativeTarget "Utinerary" */ = {
			isa = XCConfigurationList;
			buildConfigurations = (
				955915141B8315670007D860 /* Debug */,
				955915151B8315670007D860 /* Release */,
				9559151A1B83157E0007D860 /* Adhoc */,
			);
			defaultConfigurationIsVisible = 0;
			defaultConfigurationName = Release;
		};
		955915161B8315670007D860 /* Build configuration list for PBXNativeTarget "UtineraryTests" */ = {
			isa = XCConfigurationList;
			buildConfigurations = (
				955915171B8315670007D860 /* Debug */,
				955915181B8315670007D860 /* Release */,
				9559151B1B83157E0007D860 /* Adhoc */,
			);
			defaultConfigurationIsVisible = 0;
			defaultConfigurationName = Release;
		};
/* End XCConfigurationList section */

/* Begin XCVersionGroup section */
		955914F81B8315670007D860 /* Utinerary.xcdatamodeld */ = {
			isa = XCVersionGroup;
			children = (
				955914F91B8315670007D860 /* Utinerary.xcdatamodel */,
			);
			currentVersion = 955914F91B8315670007D860 /* Utinerary.xcdatamodel */;
			path = Utinerary.xcdatamodeld;
			sourceTree = "<group>";
			versionGroupType = wrapper.xcdatamodel;
		};
/* End XCVersionGroup section */
	};
	rootObject = 955914E91B8315670007D860 /* Project object */;
}
